
Microsoft Visual Studio Solution File, Format Version 12.00
# Visual Studio 15
VisualStudioVersion = 15.0.25807.0
MinimumVisualStudioVersion = 10.0.40219.1
Project("{2150E333-8FDC-42A3-9474-1A3956D46DE8}") = "Engine", "Engine", "{2F30DD7A-091F-4FA5-B93C-2E8F2D034625}"
EndProject
Project("{2150E333-8FDC-42A3-9474-1A3956D46DE8}") = "Games", "Games", "{A74A2B13-CB90-4533-B75A-F82CE8DADF6D}"
EndProject
Project("{8BC9CEB8-8B4A-11D0-8D11-00A0C91BC942}") = "UE4", "Intermediate\ProjectFiles\UE4.vcxproj", "{CFCB8F66-E308-43D2-B69A-234605BBF3AD}"
EndProject
Project("{8BC9CEB8-8B4A-11D0-8D11-00A0C91BC942}") = "Graphic", "Intermediate\ProjectFiles\Graphic.vcxproj", "{CC6C5029-82FB-42C8-948D-82A3A2F144CF}"
EndProject
Project("{2150E333-8FDC-42A3-9474-1A3956D46DE8}") = "Visualizers", "Visualizers", "{B4B64ABF-FF5D-4CE7-B73D-04EEC92427FA}"
	ProjectSection(SolutionItems) = preProject
		..\..\..\..\..\Clash\Engine2\Windows\Engine\Extras\VisualStudioDebugging\UE4.natvis = ..\..\..\..\..\Clash\Engine2\Windows\Engine\Extras\VisualStudioDebugging\UE4.natvis
	EndProjectSection
EndProject
Global
	GlobalSection(SolutionConfigurationPlatforms) = preSolution
		DebugGame Editor|Win64 = DebugGame Editor|Win64
		DebugGame|Win64 = DebugGame|Win64
		Development Editor|Win64 = Development Editor|Win64
		Development|Win64 = Development|Win64
	EndGlobalSection
	GlobalSection(ProjectConfigurationPlatforms) = postSolution
		{CFCB8F66-E308-43D2-B69A-234605BBF3AD}.DebugGame Editor|Win64.ActiveCfg = BuiltWithUnrealBuildTool|Win32
		{CFCB8F66-E308-43D2-B69A-234605BBF3AD}.DebugGame|Win64.ActiveCfg = BuiltWithUnrealBuildTool|Win32
		{CFCB8F66-E308-43D2-B69A-234605BBF3AD}.Development Editor|Win64.ActiveCfg = BuiltWithUnrealBuildTool|Win32
		{CFCB8F66-E308-43D2-B69A-234605BBF3AD}.Development|Win64.ActiveCfg = BuiltWithUnrealBuildTool|Win32
		{CC6C5029-82FB-42C8-948D-82A3A2F144CF}.DebugGame Editor|Win64.ActiveCfg = DebugGame_Editor|x64
		{CC6C5029-82FB-42C8-948D-82A3A2F144CF}.DebugGame Editor|Win64.Build.0 = DebugGame_Editor|x64
		{CC6C5029-82FB-42C8-948D-82A3A2F144CF}.DebugGame|Win64.ActiveCfg = DebugGame|x64
		{CC6C5029-82FB-42C8-948D-82A3A2F144CF}.DebugGame|Win64.Build.0 = DebugGame|x64
		{CC6C5029-82FB-42C8-948D-82A3A2F144CF}.Development Editor|Win64.ActiveCfg = Development_Editor|x64
		{CC6C5029-82FB-42C8-948D-82A3A2F144CF}.Development Editor|Win64.Build.0 = Development_Editor|x64
		{CC6C5029-82FB-42C8-948D-82A3A2F144CF}.Development|Win64.ActiveCfg = Development|x64
		{CC6C5029-82FB-42C8-948D-82A3A2F144CF}.Development|Win64.Build.0 = Development|x64
	EndGlobalSection
	GlobalSection(SolutionProperties) = preSolution
		HideSolutionNode = FALSE
	EndGlobalSection
	GlobalSection(NestedProjects) = preSolution
		{CFCB8F66-E308-43D2-B69A-234605BBF3AD} = {2F30DD7A-091F-4FA5-B93C-2E8F2D034625}
		{CC6C5029-82FB-42C8-948D-82A3A2F144CF} = {A74A2B13-CB90-4533-B75A-F82CE8DADF6D}
	EndGlobalSection
EndGlobal
